// !$*UTF8*$!
{
	archiveVersion = 1;
	classes = {
	};
	objectVersion = 56;
	objects = {

/* Begin PBXBuildFile section */
		43A18AFB29A7A5630060B5F8 /* SavanaWildlifeApp.swift in Sources */ = {isa = PBXBuildFile; fileRef = 43A18AFA29A7A5630060B5F8 /* SavanaWildlifeApp.swift */; };
		43A18AFD29A7A5630060B5F8 /* ContentView.swift in Sources */ = {isa = PBXBuildFile; fileRef = 43A18AFC29A7A5630060B5F8 /* ContentView.swift */; };
		43A18AFF29A7A5640060B5F8 /* Assets.xcassets in Resources */ = {isa = PBXBuildFile; fileRef = 43A18AFE29A7A5640060B5F8 /* Assets.xcassets */; };
		43A18B0229A7A5640060B5F8 /* Preview Assets.xcassets in Resources */ = {isa = PBXBuildFile; fileRef = 43A18B0129A7A5640060B5F8 /* Preview Assets.xcassets */; };
		43A18B1729A7A7730060B5F8 /* rhino.mp4 in Resources */ = {isa = PBXBuildFile; fileRef = 43A18B0D29A7A7710060B5F8 /* rhino.mp4 */; };
		43A18B1829A7A7730060B5F8 /* lion.mp4 in Resources */ = {isa = PBXBuildFile; fileRef = 43A18B0E29A7A7710060B5F8 /* lion.mp4 */; };
		43A18B1929A7A7730060B5F8 /* elephant.mp4 in Resources */ = {isa = PBXBuildFile; fileRef = 43A18B0F29A7A7710060B5F8 /* elephant.mp4 */; };
		43A18B1A29A7A7730060B5F8 /* hippo.mp4 in Resources */ = {isa = PBXBuildFile; fileRef = 43A18B1029A7A7710060B5F8 /* hippo.mp4 */; };
		43A18B1B29A7A7730060B5F8 /* lioness.mp4 in Resources */ = {isa = PBXBuildFile; fileRef = 43A18B1129A7A7720060B5F8 /* lioness.mp4 */; };
		43A18B1C29A7A7730060B5F8 /* ostrich.mp4 in Resources */ = {isa = PBXBuildFile; fileRef = 43A18B1229A7A7720060B5F8 /* ostrich.mp4 */; };
		43A18B1D29A7A7730060B5F8 /* zebra.mp4 in Resources */ = {isa = PBXBuildFile; fileRef = 43A18B1329A7A7720060B5F8 /* zebra.mp4 */; };
		43A18B1E29A7A7730060B5F8 /* cheetah.mp4 in Resources */ = {isa = PBXBuildFile; fileRef = 43A18B1429A7A7720060B5F8 /* cheetah.mp4 */; };
		43A18B1F29A7A7730060B5F8 /* giraffe.mp4 in Resources */ = {isa = PBXBuildFile; fileRef = 43A18B1529A7A7720060B5F8 /* giraffe.mp4 */; };
		43A18B2029A7A7730060B5F8 /* gorilla.mp4 in Resources */ = {isa = PBXBuildFile; fileRef = 43A18B1629A7A7730060B5F8 /* gorilla.mp4 */; };
		43A18B2629A7A7D60060B5F8 /* animals.json in Resources */ = {isa = PBXBuildFile; fileRef = 43A18B2229A7A7D50060B5F8 /* animals.json */; };
		43A18B2729A7A7D60060B5F8 /* locations.json in Resources */ = {isa = PBXBuildFile; fileRef = 43A18B2329A7A7D50060B5F8 /* locations.json */; };
		43A18B2829A7A7D60060B5F8 /* videos.json in Resources */ = {isa = PBXBuildFile; fileRef = 43A18B2429A7A7D60060B5F8 /* videos.json */; };
		43A18B2929A7A7D60060B5F8 /* covers.json in Resources */ = {isa = PBXBuildFile; fileRef = 43A18B2529A7A7D60060B5F8 /* covers.json */; };
		43A18B2C29A7AC250060B5F8 /* VideosList.swift in Sources */ = {isa = PBXBuildFile; fileRef = 43A18B2B29A7AC250060B5F8 /* VideosList.swift */; };
		43A18B2E29A7AC990060B5F8 /* Gallery.swift in Sources */ = {isa = PBXBuildFile; fileRef = 43A18B2D29A7AC990060B5F8 /* Gallery.swift */; };
		43A18B3229A7AD170060B5F8 /* TabBarView.swift in Sources */ = {isa = PBXBuildFile; fileRef = 43A18B3129A7AD170060B5F8 /* TabBarView.swift */; };
		43A18B3429A7AD600060B5F8 /* Map.swift in Sources */ = {isa = PBXBuildFile; fileRef = 43A18B3329A7AD600060B5F8 /* Map.swift */; };
		43A18B3629A7AF430060B5F8 /* CarouselImage.swift in Sources */ = {isa = PBXBuildFile; fileRef = 43A18B3529A7AF430060B5F8 /* CarouselImage.swift */; };
		43A18B3829A7B1700060B5F8 /* CarouselImageModel.swift in Sources */ = {isa = PBXBuildFile; fileRef = 43A18B3729A7B1700060B5F8 /* CarouselImageModel.swift */; };
		43A18B3B29A7B2F90060B5F8 /* CodableBundleExtension.swift in Sources */ = {isa = PBXBuildFile; fileRef = 43A18B3A29A7B2F90060B5F8 /* CodableBundleExtension.swift */; };
		43A18B3E29A7B8340060B5F8 /* AnimalListItem.swift in Sources */ = {isa = PBXBuildFile; fileRef = 43A18B3D29A7B8340060B5F8 /* AnimalListItem.swift */; };
		43A18B4029A7B9670060B5F8 /* Animal.swift in Sources */ = {isa = PBXBuildFile; fileRef = 43A18B3F29A7B9670060B5F8 /* Animal.swift */; };
		43A18B4229A7D2E60060B5F8 /* AnimalDetails.swift in Sources */ = {isa = PBXBuildFile; fileRef = 43A18B4129A7D2E60060B5F8 /* AnimalDetails.swift */; };
		43A18B4529A7D6F20060B5F8 /* SectionIconTitle.swift in Sources */ = {isa = PBXBuildFile; fileRef = 43A18B4429A7D6F20060B5F8 /* SectionIconTitle.swift */; };
		43A18B4729A7D80F0060B5F8 /* InsetGallery.swift in Sources */ = {isa = PBXBuildFile; fileRef = 43A18B4629A7D80F0060B5F8 /* InsetGallery.swift */; };
/* End PBXBuildFile section */

/* Begin PBXFileReference section */
		43A18AF729A7A5630060B5F8 /* SavanaWildlife.app */ = {isa = PBXFileReference; explicitFileType = wrapper.application; includeInIndex = 0; path = SavanaWildlife.app; sourceTree = BUILT_PRODUCTS_DIR; };
		43A18AFA29A7A5630060B5F8 /* SavanaWildlifeApp.swift */ = {isa = PBXFileReference; lastKnownFileType = sourcecode.swift; path = SavanaWildlifeApp.swift; sourceTree = "<group>"; };
		43A18AFC29A7A5630060B5F8 /* ContentView.swift */ = {isa = PBXFileReference; lastKnownFileType = sourcecode.swift; path = ContentView.swift; sourceTree = "<group>"; };
		43A18AFE29A7A5640060B5F8 /* Assets.xcassets */ = {isa = PBXFileReference; lastKnownFileType = folder.assetcatalog; path = Assets.xcassets; sourceTree = "<group>"; };
		43A18B0129A7A5640060B5F8 /* Preview Assets.xcassets */ = {isa = PBXFileReference; lastKnownFileType = folder.assetcatalog; path = "Preview Assets.xcassets"; sourceTree = "<group>"; };
		43A18B0D29A7A7710060B5F8 /* rhino.mp4 */ = {isa = PBXFileReference; lastKnownFileType = file; path = rhino.mp4; sourceTree = "<group>"; };
		43A18B0E29A7A7710060B5F8 /* lion.mp4 */ = {isa = PBXFileReference; lastKnownFileType = file; path = lion.mp4; sourceTree = "<group>"; };
		43A18B0F29A7A7710060B5F8 /* elephant.mp4 */ = {isa = PBXFileReference; lastKnownFileType = file; path = elephant.mp4; sourceTree = "<group>"; };
		43A18B1029A7A7710060B5F8 /* hippo.mp4 */ = {isa = PBXFileReference; lastKnownFileType = file; path = hippo.mp4; sourceTree = "<group>"; };
		43A18B1129A7A7720060B5F8 /* lioness.mp4 */ = {isa = PBXFileReference; lastKnownFileType = file; path = lioness.mp4; sourceTree = "<group>"; };
		43A18B1229A7A7720060B5F8 /* ostrich.mp4 */ = {isa = PBXFileReference; lastKnownFileType = file; path = ostrich.mp4; sourceTree = "<group>"; };
		43A18B1329A7A7720060B5F8 /* zebra.mp4 */ = {isa = PBXFileReference; lastKnownFileType = file; path = zebra.mp4; sourceTree = "<group>"; };
		43A18B1429A7A7720060B5F8 /* cheetah.mp4 */ = {isa = PBXFileReference; lastKnownFileType = file; path = cheetah.mp4; sourceTree = "<group>"; };
		43A18B1529A7A7720060B5F8 /* giraffe.mp4 */ = {isa = PBXFileReference; lastKnownFileType = file; path = giraffe.mp4; sourceTree = "<group>"; };
		43A18B1629A7A7730060B5F8 /* gorilla.mp4 */ = {isa = PBXFileReference; lastKnownFileType = file; path = gorilla.mp4; sourceTree = "<group>"; };
		43A18B2229A7A7D50060B5F8 /* animals.json */ = {isa = PBXFileReference; fileEncoding = 4; lastKnownFileType = text.json; path = animals.json; sourceTree = "<group>"; };
		43A18B2329A7A7D50060B5F8 /* locations.json */ = {isa = PBXFileReference; fileEncoding = 4; lastKnownFileType = text.json; path = locations.json; sourceTree = "<group>"; };
		43A18B2429A7A7D60060B5F8 /* videos.json */ = {isa = PBXFileReference; fileEncoding = 4; lastKnownFileType = text.json; path = videos.json; sourceTree = "<group>"; };
		43A18B2529A7A7D60060B5F8 /* covers.json */ = {isa = PBXFileReference; fileEncoding = 4; lastKnownFileType = text.json; path = covers.json; sourceTree = "<group>"; };
		43A18B2A29A7A8CA0060B5F8 /* Info.plist */ = {isa = PBXFileReference; lastKnownFileType = text.plist; path = Info.plist; sourceTree = "<group>"; };
		43A18B2B29A7AC250060B5F8 /* VideosList.swift */ = {isa = PBXFileReference; lastKnownFileType = sourcecode.swift; path = VideosList.swift; sourceTree = "<group>"; };
		43A18B2D29A7AC990060B5F8 /* Gallery.swift */ = {isa = PBXFileReference; lastKnownFileType = sourcecode.swift; path = Gallery.swift; sourceTree = "<group>"; };
		43A18B3129A7AD170060B5F8 /* TabBarView.swift */ = {isa = PBXFileReference; lastKnownFileType = sourcecode.swift; path = TabBarView.swift; sourceTree = "<group>"; };
		43A18B3329A7AD600060B5F8 /* Map.swift */ = {isa = PBXFileReference; lastKnownFileType = sourcecode.swift; path = Map.swift; sourceTree = "<group>"; };
		43A18B3529A7AF430060B5F8 /* CarouselImage.swift */ = {isa = PBXFileReference; lastKnownFileType = sourcecode.swift; path = CarouselImage.swift; sourceTree = "<group>"; };
		43A18B3729A7B1700060B5F8 /* CarouselImageModel.swift */ = {isa = PBXFileReference; lastKnownFileType = sourcecode.swift; path = CarouselImageModel.swift; sourceTree = "<group>"; };
		43A18B3A29A7B2F90060B5F8 /* CodableBundleExtension.swift */ = {isa = PBXFileReference; lastKnownFileType = sourcecode.swift; path = CodableBundleExtension.swift; sourceTree = "<group>"; };
		43A18B3D29A7B8340060B5F8 /* AnimalListItem.swift */ = {isa = PBXFileReference; lastKnownFileType = sourcecode.swift; path = AnimalListItem.swift; sourceTree = "<group>"; };
		43A18B3F29A7B9670060B5F8 /* Animal.swift */ = {isa = PBXFileReference; lastKnownFileType = sourcecode.swift; path = Animal.swift; sourceTree = "<group>"; };
		43A18B4129A7D2E60060B5F8 /* AnimalDetails.swift */ = {isa = PBXFileReference; lastKnownFileType = sourcecode.swift; path = AnimalDetails.swift; sourceTree = "<group>"; };
		43A18B4429A7D6F20060B5F8 /* SectionIconTitle.swift */ = {isa = PBXFileReference; lastKnownFileType = sourcecode.swift; path = SectionIconTitle.swift; sourceTree = "<group>"; };
		43A18B4629A7D80F0060B5F8 /* InsetGallery.swift */ = {isa = PBXFileReference; lastKnownFileType = sourcecode.swift; path = InsetGallery.swift; sourceTree = "<group>"; };
/* End PBXFileReference section */

/* Begin PBXFrameworksBuildPhase section */
		43A18AF429A7A5630060B5F8 /* Frameworks */ = {
			isa = PBXFrameworksBuildPhase;
			buildActionMask = 2147483647;
			files = (
			);
			runOnlyForDeploymentPostprocessing = 0;
		};
/* End PBXFrameworksBuildPhase section */

/* Begin PBXGroup section */
		43A18AEE29A7A5630060B5F8 = {
			isa = PBXGroup;
			children = (
				43A18AF929A7A5630060B5F8 /* SavanaWildlife */,
				43A18AF829A7A5630060B5F8 /* Products */,
			);
			sourceTree = "<group>";
		};
		43A18AF829A7A5630060B5F8 /* Products */ = {
			isa = PBXGroup;
			children = (
				43A18AF729A7A5630060B5F8 /* SavanaWildlife.app */,
			);
			name = Products;
			sourceTree = "<group>";
		};
		43A18AF929A7A5630060B5F8 /* SavanaWildlife */ = {
			isa = PBXGroup;
			children = (
				43A18AFA29A7A5630060B5F8 /* SavanaWildlifeApp.swift */,
				43A18B2A29A7A8CA0060B5F8 /* Info.plist */,
				43A18B3929A7B2D10060B5F8 /* Extensions */,
				43A18B2129A7A7BF0060B5F8 /* Data */,
				43A18B0B29A7A7450060B5F8 /* Resources */,
				43A18B0A29A7A5C70060B5F8 /* Models */,
				43A18B0929A7A5990060B5F8 /* Screens */,
				43A18B0829A7A5700060B5F8 /* Views */,
				43A18B0029A7A5640060B5F8 /* Preview Content */,
			);
			path = SavanaWildlife;
			sourceTree = "<group>";
		};
		43A18B0029A7A5640060B5F8 /* Preview Content */ = {
			isa = PBXGroup;
			children = (
				43A18B0129A7A5640060B5F8 /* Preview Assets.xcassets */,
			);
			path = "Preview Content";
			sourceTree = "<group>";
		};
		43A18B0829A7A5700060B5F8 /* Views */ = {
			isa = PBXGroup;
			children = (
				43A18B4329A7D69D0060B5F8 /* Details */,
				43A18B3C29A7B81A0060B5F8 /* Home */,
			);
			path = Views;
			sourceTree = "<group>";
		};
		43A18B0929A7A5990060B5F8 /* Screens */ = {
			isa = PBXGroup;
			children = (
				43A18AFC29A7A5630060B5F8 /* ContentView.swift */,
				43A18B2B29A7AC250060B5F8 /* VideosList.swift */,
				43A18B2D29A7AC990060B5F8 /* Gallery.swift */,
				43A18B3129A7AD170060B5F8 /* TabBarView.swift */,
				43A18B3329A7AD600060B5F8 /* Map.swift */,
				43A18B4129A7D2E60060B5F8 /* AnimalDetails.swift */,
			);
			path = Screens;
			sourceTree = "<group>";
		};
		43A18B0A29A7A5C70060B5F8 /* Models */ = {
			isa = PBXGroup;
			children = (
				43A18B3729A7B1700060B5F8 /* CarouselImageModel.swift */,
				43A18B3F29A7B9670060B5F8 /* Animal.swift */,
			);
			path = Models;
			sourceTree = "<group>";
		};
		43A18B0B29A7A7450060B5F8 /* Resources */ = {
			isa = PBXGroup;
			children = (
				43A18B0C29A7A7570060B5F8 /* Videos */,
				43A18AFE29A7A5640060B5F8 /* Assets.xcassets */,
			);
			path = Resources;
			sourceTree = "<group>";
		};
		43A18B0C29A7A7570060B5F8 /* Videos */ = {
			isa = PBXGroup;
			children = (
				43A18B1429A7A7720060B5F8 /* cheetah.mp4 */,
				43A18B0F29A7A7710060B5F8 /* elephant.mp4 */,
				43A18B1529A7A7720060B5F8 /* giraffe.mp4 */,
				43A18B1629A7A7730060B5F8 /* gorilla.mp4 */,
				43A18B1029A7A7710060B5F8 /* hippo.mp4 */,
				43A18B0E29A7A7710060B5F8 /* lion.mp4 */,
				43A18B1129A7A7720060B5F8 /* lioness.mp4 */,
				43A18B1229A7A7720060B5F8 /* ostrich.mp4 */,
				43A18B0D29A7A7710060B5F8 /* rhino.mp4 */,
				43A18B1329A7A7720060B5F8 /* zebra.mp4 */,
			);
			path = Videos;
			sourceTree = "<group>";
		};
		43A18B2129A7A7BF0060B5F8 /* Data */ = {
			isa = PBXGroup;
			children = (
				43A18B2229A7A7D50060B5F8 /* animals.json */,
				43A18B2529A7A7D60060B5F8 /* covers.json */,
				43A18B2329A7A7D50060B5F8 /* locations.json */,
				43A18B2429A7A7D60060B5F8 /* videos.json */,
			);
			path = Data;
			sourceTree = "<group>";
		};
		43A18B3929A7B2D10060B5F8 /* Extensions */ = {
			isa = PBXGroup;
			children = (
				43A18B3A29A7B2F90060B5F8 /* CodableBundleExtension.swift */,
			);
			path = Extensions;
			sourceTree = "<group>";
		};
		43A18B3C29A7B81A0060B5F8 /* Home */ = {
			isa = PBXGroup;
			children = (
				43A18B3529A7AF430060B5F8 /* CarouselImage.swift */,
				43A18B3D29A7B8340060B5F8 /* AnimalListItem.swift */,
			);
			path = Home;
			sourceTree = "<group>";
		};
		43A18B4329A7D69D0060B5F8 /* Details */ = {
			isa = PBXGroup;
			children = (
				43A18B4429A7D6F20060B5F8 /* SectionIconTitle.swift */,
				43A18B4629A7D80F0060B5F8 /* InsetGallery.swift */,
			);
			path = Details;
			sourceTree = "<group>";
		};
/* End PBXGroup section */

/* Begin PBXNativeTarget section */
		43A18AF629A7A5630060B5F8 /* SavanaWildlife */ = {
			isa = PBXNativeTarget;
			buildConfigurationList = 43A18B0529A7A5640060B5F8 /* Build configuration list for PBXNativeTarget "SavanaWildlife" */;
			buildPhases = (
				43A18AF329A7A5630060B5F8 /* Sources */,
				43A18AF429A7A5630060B5F8 /* Frameworks */,
				43A18AF529A7A5630060B5F8 /* Resources */,
			);
			buildRules = (
			);
			dependencies = (
			);
			name = SavanaWildlife;
			productName = SavanaWildlife;
			productReference = 43A18AF729A7A5630060B5F8 /* SavanaWildlife.app */;
			productType = "com.apple.product-type.application";
		};
/* End PBXNativeTarget section */

/* Begin PBXProject section */
		43A18AEF29A7A5630060B5F8 /* Project object */ = {
			isa = PBXProject;
			attributes = {
				BuildIndependentTargetsInParallel = 1;
				LastSwiftUpdateCheck = 1420;
				LastUpgradeCheck = 1420;
				TargetAttributes = {
					43A18AF629A7A5630060B5F8 = {
						CreatedOnToolsVersion = 14.2;
					};
				};
			};
			buildConfigurationList = 43A18AF229A7A5630060B5F8 /* Build configuration list for PBXProject "SavanaWildlife" */;
			compatibilityVersion = "Xcode 14.0";
			developmentRegion = en;
			hasScannedForEncodings = 0;
			knownRegions = (
				en,
				Base,
			);
			mainGroup = 43A18AEE29A7A5630060B5F8;
			productRefGroup = 43A18AF829A7A5630060B5F8 /* Products */;
			projectDirPath = "";
			projectRoot = "";
			targets = (
				43A18AF629A7A5630060B5F8 /* SavanaWildlife */,
			);
		};
/* End PBXProject section */

/* Begin PBXResourcesBuildPhase section */
		43A18AF529A7A5630060B5F8 /* Resources */ = {
			isa = PBXResourcesBuildPhase;
			buildActionMask = 2147483647;
			files = (
				43A18B2729A7A7D60060B5F8 /* locations.json in Resources */,
				43A18B1729A7A7730060B5F8 /* rhino.mp4 in Resources */,
				43A18B2829A7A7D60060B5F8 /* videos.json in Resources */,
				43A18B1829A7A7730060B5F8 /* lion.mp4 in Resources */,
				43A18B0229A7A5640060B5F8 /* Preview Assets.xcassets in Resources */,
				43A18B2929A7A7D60060B5F8 /* covers.json in Resources */,
				43A18B1929A7A7730060B5F8 /* elephant.mp4 in Resources */,
				43A18B2029A7A7730060B5F8 /* gorilla.mp4 in Resources */,
				43A18B1A29A7A7730060B5F8 /* hippo.mp4 in Resources */,
				43A18B1B29A7A7730060B5F8 /* lioness.mp4 in Resources */,
				43A18B2629A7A7D60060B5F8 /* animals.json in Resources */,
				43A18B1F29A7A7730060B5F8 /* giraffe.mp4 in Resources */,
				43A18B1E29A7A7730060B5F8 /* cheetah.mp4 in Resources */,
				43A18B1C29A7A7730060B5F8 /* ostrich.mp4 in Resources */,
				43A18B1D29A7A7730060B5F8 /* zebra.mp4 in Resources */,
				43A18AFF29A7A5640060B5F8 /* Assets.xcassets in Resources */,
			);
			runOnlyForDeploymentPostprocessing = 0;
		};
/* End PBXResourcesBuildPhase section */

/* Begin PBXSourcesBuildPhase section */
		43A18AF329A7A5630060B5F8 /* Sources */ = {
			isa = PBXSourcesBuildPhase;
			buildActionMask = 2147483647;
			files = (
				43A18B4029A7B9670060B5F8 /* Animal.swift in Sources */,
				43A18B2E29A7AC990060B5F8 /* Gallery.swift in Sources */,
				43A18B4229A7D2E60060B5F8 /* AnimalDetails.swift in Sources */,
				43A18B2C29A7AC250060B5F8 /* VideosList.swift in Sources */,
				43A18AFD29A7A5630060B5F8 /* ContentView.swift in Sources */,
				43A18B3229A7AD170060B5F8 /* TabBarView.swift in Sources */,
				43A18B3E29A7B8340060B5F8 /* AnimalListItem.swift in Sources */,
				43A18B4529A7D6F20060B5F8 /* SectionIconTitle.swift in Sources */,
				43A18B4729A7D80F0060B5F8 /* InsetGallery.swift in Sources */,
				43A18B3429A7AD600060B5F8 /* Map.swift in Sources */,
				43A18B3829A7B1700060B5F8 /* CarouselImageModel.swift in Sources */,
				43A18B3629A7AF430060B5F8 /* CarouselImage.swift in Sources */,
				43A18AFB29A7A5630060B5F8 /* SavanaWildlifeApp.swift in Sources */,
				43A18B3B29A7B2F90060B5F8 /* CodableBundleExtension.swift in Sources */,
			);
			runOnlyForDeploymentPostprocessing = 0;
		};
/* End PBXSourcesBuildPhase section */

/* Begin XCBuildConfiguration section */
		43A18B0329A7A5640060B5F8 /* Debug */ = {
			isa = XCBuildConfiguration;
			buildSettings = {
				ALWAYS_SEARCH_USER_PATHS = NO;
				CLANG_ANALYZER_NONNULL = YES;
				CLANG_ANALYZER_NUMBER_OBJECT_CONVERSION = YES_AGGRESSIVE;
				CLANG_CXX_LANGUAGE_STANDARD = "gnu++20";
				CLANG_ENABLE_MODULES = YES;
				CLANG_ENABLE_OBJC_ARC = YES;
				CLANG_ENABLE_OBJC_WEAK = YES;
				CLANG_WARN_BLOCK_CAPTURE_AUTORELEASING = YES;
				CLANG_WARN_BOOL_CONVERSION = YES;
				CLANG_WARN_COMMA = YES;
				CLANG_WARN_CONSTANT_CONVERSION = YES;
				CLANG_WARN_DEPRECATED_OBJC_IMPLEMENTATIONS = YES;
				CLANG_WARN_DIRECT_OBJC_ISA_USAGE = YES_ERROR;
				CLANG_WARN_DOCUMENTATION_COMMENTS = YES;
				CLANG_WARN_EMPTY_BODY = YES;
				CLANG_WARN_ENUM_CONVERSION = YES;
				CLANG_WARN_INFINITE_RECURSION = YES;
				CLANG_WARN_INT_CONVERSION = YES;
				CLANG_WARN_NON_LITERAL_NULL_CONVERSION = YES;
				CLANG_WARN_OBJC_IMPLICIT_RETAIN_SELF = YES;
				CLANG_WARN_OBJC_LITERAL_CONVERSION = YES;
				CLANG_WARN_OBJC_ROOT_CLASS = YES_ERROR;
				CLANG_WARN_QUOTED_INCLUDE_IN_FRAMEWORK_HEADER = YES;
				CLANG_WARN_RANGE_LOOP_ANALYSIS = YES;
				CLANG_WARN_STRICT_PROTOTYPES = YES;
				CLANG_WARN_SUSPICIOUS_MOVE = YES;
				CLANG_WARN_UNGUARDED_AVAILABILITY = YES_AGGRESSIVE;
				CLANG_WARN_UNREACHABLE_CODE = YES;
				CLANG_WARN__DUPLICATE_METHOD_MATCH = YES;
				COPY_PHASE_STRIP = NO;
				DEBUG_INFORMATION_FORMAT = dwarf;
				ENABLE_STRICT_OBJC_MSGSEND = YES;
				ENABLE_TESTABILITY = YES;
				GCC_C_LANGUAGE_STANDARD = gnu11;
				GCC_DYNAMIC_NO_PIC = NO;
				GCC_NO_COMMON_BLOCKS = YES;
				GCC_OPTIMIZATION_LEVEL = 0;
				GCC_PREPROCESSOR_DEFINITIONS = (
					"DEBUG=1",
					"$(inherited)",
				);
				GCC_WARN_64_TO_32_BIT_CONVERSION = YES;
				GCC_WARN_ABOUT_RETURN_TYPE = YES_ERROR;
				GCC_WARN_UNDECLARED_SELECTOR = YES;
				GCC_WARN_UNINITIALIZED_AUTOS = YES_AGGRESSIVE;
				GCC_WARN_UNUSED_FUNCTION = YES;
				GCC_WARN_UNUSED_VARIABLE = YES;
				IPHONEOS_DEPLOYMENT_TARGET = 16.2;
				MTL_ENABLE_DEBUG_INFO = INCLUDE_SOURCE;
				MTL_FAST_MATH = YES;
				ONLY_ACTIVE_ARCH = YES;
				SDKROOT = iphoneos;
				SWIFT_ACTIVE_COMPILATION_CONDITIONS = DEBUG;
				SWIFT_OPTIMIZATION_LEVEL = "-Onone";
			};
			name = Debug;
		};
		43A18B0429A7A5640060B5F8 /* Release */ = {
			isa = XCBuildConfiguration;
			buildSettings = {
				ALWAYS_SEARCH_USER_PATHS = NO;
				CLANG_ANALYZER_NONNULL = YES;
				CLANG_ANALYZER_NUMBER_OBJECT_CONVERSION = YES_AGGRESSIVE;
				CLANG_CXX_LANGUAGE_STANDARD = "gnu++20";
				CLANG_ENABLE_MODULES = YES;
				CLANG_ENABLE_OBJC_ARC = YES;
				CLANG_ENABLE_OBJC_WEAK = YES;
				CLANG_WARN_BLOCK_CAPTURE_AUTORELEASING = YES;
				CLANG_WARN_BOOL_CONVERSION = YES;
				CLANG_WARN_COMMA = YES;
				CLANG_WARN_CONSTANT_CONVERSION = YES;
				CLANG_WARN_DEPRECATED_OBJC_IMPLEMENTATIONS = YES;
				CLANG_WARN_DIRECT_OBJC_ISA_USAGE = YES_ERROR;
				CLANG_WARN_DOCUMENTATION_COMMENTS = YES;
				CLANG_WARN_EMPTY_BODY = YES;
				CLANG_WARN_ENUM_CONVERSION = YES;
				CLANG_WARN_INFINITE_RECURSION = YES;
				CLANG_WARN_INT_CONVERSION = YES;
				CLANG_WARN_NON_LITERAL_NULL_CONVERSION = YES;
				CLANG_WARN_OBJC_IMPLICIT_RETAIN_SELF = YES;
				CLANG_WARN_OBJC_LITERAL_CONVERSION = YES;
				CLANG_WARN_OBJC_ROOT_CLASS = YES_ERROR;
				CLANG_WARN_QUOTED_INCLUDE_IN_FRAMEWORK_HEADER = YES;
				CLANG_WARN_RANGE_LOOP_ANALYSIS = YES;
				CLANG_WARN_STRICT_PROTOTYPES = YES;
				CLANG_WARN_SUSPICIOUS_MOVE = YES;
				CLANG_WARN_UNGUARDED_AVAILABILITY = YES_AGGRESSIVE;
				CLANG_WARN_UNREACHABLE_CODE = YES;
				CLANG_WARN__DUPLICATE_METHOD_MATCH = YES;
				COPY_PHASE_STRIP = NO;
				DEBUG_INFORMATION_FORMAT = "dwarf-with-dsym";
				ENABLE_NS_ASSERTIONS = NO;
				ENABLE_STRICT_OBJC_MSGSEND = YES;
				GCC_C_LANGUAGE_STANDARD = gnu11;
				GCC_NO_COMMON_BLOCKS = YES;
				GCC_WARN_64_TO_32_BIT_CONVERSION = YES;
				GCC_WARN_ABOUT_RETURN_TYPE = YES_ERROR;
				GCC_WARN_UNDECLARED_SELECTOR = YES;
				GCC_WARN_UNINITIALIZED_AUTOS = YES_AGGRESSIVE;
				GCC_WARN_UNUSED_FUNCTION = YES;
				GCC_WARN_UNUSED_VARIABLE = YES;
				IPHONEOS_DEPLOYMENT_TARGET = 16.2;
				MTL_ENABLE_DEBUG_INFO = NO;
				MTL_FAST_MATH = YES;
				SDKROOT = iphoneos;
				SWIFT_COMPILATION_MODE = wholemodule;
				SWIFT_OPTIMIZATION_LEVEL = "-O";
				VALIDATE_PRODUCT = YES;
			};
			name = Release;
		};
		43A18B0629A7A5640060B5F8 /* Debug */ = {
			isa = XCBuildConfiguration;
			buildSettings = {
				ASSETCATALOG_COMPILER_APPICON_NAME = AppIcon;
				ASSETCATALOG_COMPILER_GLOBAL_ACCENT_COLOR_NAME = AccentColor;
				CODE_SIGN_STYLE = Automatic;
				CURRENT_PROJECT_VERSION = 1;
				DEVELOPMENT_ASSET_PATHS = "\"SavanaWildlife/Preview Content\"";
				DEVELOPMENT_TEAM = 346FGQ8ZC8;
				ENABLE_PREVIEWS = YES;
				GENERATE_INFOPLIST_FILE = YES;
				INFOPLIST_FILE = SavanaWildlife/Info.plist;
				INFOPLIST_KEY_UIApplicationSceneManifest_Generation = YES;
				INFOPLIST_KEY_UIApplicationSupportsIndirectInputEvents = YES;
				INFOPLIST_KEY_UISupportedInterfaceOrientations = UIInterfaceOrientationPortrait;
				INFOPLIST_KEY_UIUserInterfaceStyle = Dark;
				LD_RUNPATH_SEARCH_PATHS = (
					"$(inherited)",
					"@executable_path/Frameworks",
				);
				MARKETING_VERSION = 1.0;
				PRODUCT_BUNDLE_IDENTIFIER = com.noamkurtzer.SavanaWildlife;
				PRODUCT_NAME = "$(TARGET_NAME)";
				SWIFT_EMIT_LOC_STRINGS = YES;
				SWIFT_VERSION = 5.0;
				TARGETED_DEVICE_FAMILY = "1,2";
			};
			name = Debug;
		};
		43A18B0729A7A5640060B5F8 /* Release */ = {
			isa = XCBuildConfiguration;
			buildSettings = {
				ASSETCATALOG_COMPILER_APPICON_NAME = AppIcon;
				ASSETCATALOG_COMPILER_GLOBAL_ACCENT_COLOR_NAME = AccentColor;
				CODE_SIGN_STYLE = Automatic;
				CURRENT_PROJECT_VERSION = 1;
				DEVELOPMENT_ASSET_PATHS = "\"SavanaWildlife/Preview Content\"";
				DEVELOPMENT_TEAM = 346FGQ8ZC8;
				ENABLE_PREVIEWS = YES;
				GENERATE_INFOPLIST_FILE = YES;
				INFOPLIST_FILE = SavanaWildlife/Info.plist;
				INFOPLIST_KEY_UIApplicationSceneManifest_Generation = YES;
				INFOPLIST_KEY_UIApplicationSupportsIndirectInputEvents = YES;
				INFOPLIST_KEY_UISupportedInterfaceOrientations = UIInterfaceOrientationPortrait;
				INFOPLIST_KEY_UIUserInterfaceStyle = Dark;
				LD_RUNPATH_SEARCH_PATHS = (
					"$(inherited)",
					"@executable_path/Frameworks",
				);
				MARKETING_VERSION = 1.0;
				PRODUCT_BUNDLE_IDENTIFIER = com.noamkurtzer.SavanaWildlife;
				PRODUCT_NAME = "$(TARGET_NAME)";
				SWIFT_EMIT_LOC_STRINGS = YES;
				SWIFT_VERSION = 5.0;
				TARGETED_DEVICE_FAMILY = "1,2";
			};
			name = Release;
		};
/* End XCBuildConfiguration section */

/* Begin XCConfigurationList section */
		43A18AF229A7A5630060B5F8 /* Build configuration list for PBXProject "SavanaWildlife" */ = {
			isa = XCConfigurationList;
			buildConfigurations = (
				43A18B0329A7A5640060B5F8 /* Debug */,
				43A18B0429A7A5640060B5F8 /* Release */,
			);
			defaultConfigurationIsVisible = 0;
			defaultConfigurationName = Release;
		};
		43A18B0529A7A5640060B5F8 /* Build configuration list for PBXNativeTarget "SavanaWildlife" */ = {
			isa = XCConfigurationList;
			buildConfigurations = (
				43A18B0629A7A5640060B5F8 /* Debug */,
				43A18B0729A7A5640060B5F8 /* Release */,
			);
			defaultConfigurationIsVisible = 0;
			defaultConfigurationName = Release;
		};
/* End XCConfigurationList section */
	};
	rootObject = 43A18AEF29A7A5630060B5F8 /* Project object */;
}
